<?xml version="1.0" encoding="utf-8"?>
<Project ToolsVersion="4.0" xmlns="http://schemas.microsoft.com/developer/msbuild/2003">
  <ItemGroup>
    <Filter Include="GameFramework">
      <UniqueIdentifier>{cccde409-42c4-4245-8615-71c432ee4f8b}</UniqueIdentifier>
    </Filter>
    <Filter Include="GameFramework\매니져">
      <UniqueIdentifier>{db6058e2-83f6-4c0d-a233-34e042a4969a}</UniqueIdentifier>
    </Filter>
    <Filter Include="GameFramework\유틸">
      <UniqueIdentifier>{82ed7401-0ae2-484e-9601-12b179f70e74}</UniqueIdentifier>
    </Filter>
    <Filter Include="WinMain">
      <UniqueIdentifier>{68b7cb8f-01ee-485e-8a9d-54f0e06f6040}</UniqueIdentifier>
    </Filter>
    <Filter Include="GameFramework\이미지">
      <UniqueIdentifier>{1e616e04-3329-41d7-b6ed-02b7d269f51f}</UniqueIdentifier>
    </Filter>
    <Filter Include="GameFramework\체력바">
      <UniqueIdentifier>{bc1fad6b-64c5-4477-8b5e-8fc16bc693dd}</UniqueIdentifier>
    </Filter>
    <Filter Include="GameFramework\로딩">
      <UniqueIdentifier>{380f7478-b624-45de-aeae-2ccb9055ab48}</UniqueIdentifier>
    </Filter>
    <Filter Include="GameFramework\로딩화면">
      <UniqueIdentifier>{7e12b8a1-bff7-4c0e-8411-c665eda32360}</UniqueIdentifier>
    </Filter>
    <Filter Include="GameFramework\사운드테스트">
      <UniqueIdentifier>{fddc1305-6e22-4095-a825-8f29605b50ab}</UniqueIdentifier>
    </Filter>
    <Filter Include="GameFramework\INI테스트">
      <UniqueIdentifier>{8e6d480c-fe29-46b8-90ae-1b8ccd219b09}</UniqueIdentifier>
    </Filter>
    <Filter Include="GameFramework\MainGame">
      <UniqueIdentifier>{9c69a583-1983-4b33-912a-e558098cf29c}</UniqueIdentifier>
    </Filter>
    <Filter Include="GameFramework\MainGame\GameNode">
      <UniqueIdentifier>{8c4b8dd0-80cb-4dc5-bfed-01e6b65dba74}</UniqueIdentifier>
    </Filter>
    <Filter Include="GameFramework\MainGame\Forager">
      <UniqueIdentifier>{76499772-7872-499a-8318-bbc485184c19}</UniqueIdentifier>
    </Filter>
    <Filter Include="GameFramework\MainGame\Forager\Scenes">
      <UniqueIdentifier>{aa76a045-e625-46a5-9598-b06f8935541c}</UniqueIdentifier>
    </Filter>
    <Filter Include="GameFramework\MainGame\Forager\Map">
      <UniqueIdentifier>{63257e59-4792-4231-8fd3-ef34c651e267}</UniqueIdentifier>
    </Filter>
    <Filter Include="GameFramework\MainGame\Forager\Manager">
      <UniqueIdentifier>{daf7d61a-5239-4b59-b44f-5fd0b29ce984}</UniqueIdentifier>
    </Filter>
    <Filter Include="GameFramework\MainGame\Forager\Unit">
      <UniqueIdentifier>{f7047ebf-71af-47e6-a3d2-d79afb3b23a5}</UniqueIdentifier>
    </Filter>
    <Filter Include="GameFramework\MainGame\Forager\Unit\building">
      <UniqueIdentifier>{2ca11124-b48b-4e38-8302-700db3d1f823}</UniqueIdentifier>
    </Filter>
    <Filter Include="GameFramework\MainGame\Forager\Unit\enemy">
      <UniqueIdentifier>{82c8fd22-45a7-49d0-bbb0-18186417b905}</UniqueIdentifier>
    </Filter>
    <Filter Include="GameFramework\MainGame\Forager\inGameMenu">
      <UniqueIdentifier>{3a2aa4c4-fcc3-48ab-badc-0e421a389a7d}</UniqueIdentifier>
    </Filter>
    <Filter Include="GameFramework\MainGame\Forager\Unit\player">
      <UniqueIdentifier>{3e8cd6b6-6200-4b41-9762-e69e136adb88}</UniqueIdentifier>
    </Filter>
    <Filter Include="GameFramework\MainGame\Forager\Unit\resource">
      <UniqueIdentifier>{09c7a421-4091-44a5-800d-853b3adce9c4}</UniqueIdentifier>
    </Filter>
    <Filter Include="GameFramework\MainGame\Forager\Unit\FieldItem">
      <UniqueIdentifier>{ca79da24-a19c-44e8-9263-935fe4207cfd}</UniqueIdentifier>
    </Filter>
    <Filter Include="GameFramework\MainGame\Forager\inGameMenu\inventory">
      <UniqueIdentifier>{fae402a9-7d0a-43e5-9c65-7095efb6b615}</UniqueIdentifier>
    </Filter>
    <Filter Include="GameFramework\MainGame\Forager\inGameMenu\construction">
      <UniqueIdentifier>{27ea1450-75bf-470b-80bd-340819f959f2}</UniqueIdentifier>
    </Filter>
    <Filter Include="GameFramework\MainGame\Forager\inGameMenu\equip">
      <UniqueIdentifier>{f2ee56d4-31de-4374-ba80-dbca6246db2f}</UniqueIdentifier>
    </Filter>
    <Filter Include="GameFramework\MainGame\Forager\inGameMenu\gamesetting">
      <UniqueIdentifier>{5d096536-056f-4ae1-b459-4a3187473503}</UniqueIdentifier>
    </Filter>
    <Filter Include="GameFramework\MainGame\Forager\inGameMenu\inventory_images">
      <UniqueIdentifier>{4cb3efe6-fb88-4f44-9063-2a149da22b0b}</UniqueIdentifier>
    </Filter>
    <Filter Include="GameFramework\MainGame\Cursor">
      <UniqueIdentifier>{403dbbb4-898e-4e73-8ad6-4a0055fbdac3}</UniqueIdentifier>
    </Filter>
    <Filter Include="GameFramework\MainGame\Forager\inGameMenu\pruchase_land">
      <UniqueIdentifier>{13e5dc61-54d6-4324-b3ed-1b86db90c75a}</UniqueIdentifier>
    </Filter>
    <Filter Include="GameFramework\MainGame\Forager\inGameMenu\inventory_slot">
      <UniqueIdentifier>{6a99b852-7052-40d8-9154-61ac413f101b}</UniqueIdentifier>
    </Filter>
    <Filter Include="GameFramework\MainGame\Forager\inGameMenu\inventory_Manager">
      <UniqueIdentifier>{93313403-169f-4085-9daa-b51e472d1e09}</UniqueIdentifier>
    </Filter>
    <Filter Include="GameFramework\MainGame\Forager\inGameMenu\inventory\item_info_render">
      <UniqueIdentifier>{4a6043e7-8f71-4950-8923-13cd1208e103}</UniqueIdentifier>
    </Filter>
    <Filter Include="GameFramework\MainGame\Forager\inGameMenu\quick_slot">
      <UniqueIdentifier>{359be771-2580-4bb2-be33-6a2107573dbd}</UniqueIdentifier>
    </Filter>
    <Filter Include="GameFramework\MainGame\Forager\inGameMenu\construction\construction_tool_tip">
      <UniqueIdentifier>{be6f7ee9-c883-4f20-a837-d02e8c06de0d}</UniqueIdentifier>
    </Filter>
    <Filter Include="GameFramework\MainGame\Forager\Unit\enemy\skull">
      <UniqueIdentifier>{1bfcd076-07e8-4540-9e44-db2d5a12cbfd}</UniqueIdentifier>
    </Filter>
    <Filter Include="GameFramework\MainGame\Forager\Unit\enemy\cow">
      <UniqueIdentifier>{b8dc1f52-17ea-4418-887e-dc3bea0d0a1e}</UniqueIdentifier>
    </Filter>
  </ItemGroup>
  <ItemGroup>
    <ClCompile Include="winMain.cpp">
      <Filter>WinMain</Filter>
    </ClCompile>
    <ClCompile Include="stdafx.cpp">
      <Filter>WinMain</Filter>
    </ClCompile>
    <ClCompile Include="gameNode.cpp">
      <Filter>GameFramework\MainGame\GameNode</Filter>
    </ClCompile>
    <ClCompile Include="mainGame.cpp">
      <Filter>GameFramework\MainGame</Filter>
    </ClCompile>
    <ClCompile Include="input.cpp">
      <Filter>GameFramework\매니져</Filter>
    </ClCompile>
    <ClCompile Include="random.cpp">
      <Filter>GameFramework\유틸</Filter>
    </ClCompile>
    <ClCompile Include="image.cpp">
      <Filter>GameFramework\이미지</Filter>
    </ClCompile>
    <ClCompile Include="imageManager.cpp">
      <Filter>GameFramework\매니져</Filter>
    </ClCompile>
    <ClCompile Include="util.cpp">
      <Filter>GameFramework\유틸</Filter>
    </ClCompile>
    <ClCompile Include="progressBar.cpp">
      <Filter>GameFramework\체력바</Filter>
    </ClCompile>
    <ClCompile Include="sceneManager.cpp">
      <Filter>GameFramework\매니져</Filter>
    </ClCompile>
    <ClCompile Include="iniData.cpp">
      <Filter>GameFramework\매니져</Filter>
    </ClCompile>
    <ClCompile Include="iniTestScene.cpp">
      <Filter>GameFramework\INI테스트</Filter>
    </ClCompile>
    <ClCompile Include="soundManager.cpp">
      <Filter>GameFramework\매니져</Filter>
    </ClCompile>
    <ClCompile Include="soundTestScene.cpp">
      <Filter>GameFramework\사운드테스트</Filter>
    </ClCompile>
    <ClCompile Include="loading.cpp">
      <Filter>GameFramework\로딩</Filter>
    </ClCompile>
    <ClCompile Include="loadingScene.cpp">
      <Filter>GameFramework\로딩화면</Filter>
    </ClCompile>
    <ClCompile Include="EffectManager.cpp">
      <Filter>GameFramework\MainGame\Forager\Manager</Filter>
    </ClCompile>
    <ClCompile Include="targetingBox.cpp">
      <Filter>GameFramework\MainGame\Forager\Manager</Filter>
    </ClCompile>
    <ClCompile Include="reactImage.cpp">
      <Filter>GameFramework\MainGame\Forager\Manager</Filter>
    </ClCompile>
    <ClCompile Include="ForagerStatManager.cpp">
      <Filter>GameFramework\MainGame\Forager\Manager</Filter>
    </ClCompile>
    <ClCompile Include="TextManager.cpp">
      <Filter>GameFramework\MainGame\Forager\Manager</Filter>
    </ClCompile>
    <ClCompile Include="saveManager.cpp">
      <Filter>GameFramework\MainGame\Forager\Manager</Filter>
    </ClCompile>
    <ClCompile Include="cameraManager.cpp">
      <Filter>GameFramework\MainGame\Forager\Manager</Filter>
    </ClCompile>
    <ClCompile Include="startScene.cpp">
      <Filter>GameFramework\MainGame\Forager\Scenes</Filter>
    </ClCompile>
    <ClCompile Include="timeManager.cpp">
      <Filter>GameFramework\매니져</Filter>
    </ClCompile>
    <ClCompile Include="unit.cpp">
      <Filter>GameFramework\MainGame\Forager\Unit</Filter>
    </ClCompile>
    <ClCompile Include="gameScene.cpp">
      <Filter>GameFramework\MainGame\Forager\Scenes</Filter>
    </ClCompile>
    <ClCompile Include="building.cpp">
      <Filter>GameFramework\MainGame\Forager\Unit\building</Filter>
    </ClCompile>
    <ClCompile Include="enemy.cpp">
      <Filter>GameFramework\MainGame\Forager\Unit\enemy</Filter>
    </ClCompile>
    <ClCompile Include="inGameMenu.cpp">
      <Filter>GameFramework\MainGame\Forager\inGameMenu</Filter>
    </ClCompile>
    <ClCompile Include="earth.cpp">
      <Filter>GameFramework\MainGame\Forager\Map</Filter>
    </ClCompile>
    <ClCompile Include="ForagerPlayer.cpp">
      <Filter>GameFramework\MainGame\Forager\Unit\player</Filter>
    </ClCompile>
    <ClCompile Include="gameObject.cpp">
      <Filter>GameFramework\MainGame\Forager\Unit</Filter>
    </ClCompile>
    <ClCompile Include="resource.cpp">
      <Filter>GameFramework\MainGame\Forager\Unit\resource</Filter>
    </ClCompile>
    <ClCompile Include="cursor.cpp">
      <Filter>GameFramework\MainGame\Cursor</Filter>
    </ClCompile>
    <ClCompile Include="fieldItem.cpp">
      <Filter>GameFramework\MainGame\Forager\Unit\FieldItem</Filter>
    </ClCompile>
    <ClCompile Include="UnitManager.cpp">
      <Filter>GameFramework\MainGame\Forager\Manager</Filter>
    </ClCompile>
    <ClCompile Include="inventory.cpp">
      <Filter>GameFramework\MainGame\Forager\inGameMenu\inventory</Filter>
    </ClCompile>
    <ClCompile Include="construction.cpp">
      <Filter>GameFramework\MainGame\Forager\inGameMenu\construction</Filter>
    </ClCompile>
    <ClCompile Include="equipMent.cpp">
      <Filter>GameFramework\MainGame\Forager\inGameMenu\equip</Filter>
    </ClCompile>
    <ClCompile Include="gamesetting.cpp">
      <Filter>GameFramework\MainGame\Forager\inGameMenu\gamesetting</Filter>
    </ClCompile>
    <ClCompile Include="inventory_images.cpp">
      <Filter>GameFramework\MainGame\Forager\inGameMenu\inventory_images</Filter>
    </ClCompile>
    <ClCompile Include="purchase_land.cpp">
      <Filter>GameFramework\MainGame\Forager\inGameMenu\pruchase_land</Filter>
    </ClCompile>
    <ClCompile Include="inventory_slot.cpp">
      <Filter>GameFramework\MainGame\Forager\inGameMenu\inventory_slot</Filter>
    </ClCompile>
    <ClCompile Include="item_Manager.cpp">
      <Filter>GameFramework\MainGame\Forager\inGameMenu\inventory_Manager</Filter>
    </ClCompile>
    <ClCompile Include="industry.cpp">
      <Filter>GameFramework\MainGame\Forager\inGameMenu\construction</Filter>
    </ClCompile>
    <ClCompile Include="Agriculture.cpp">
      <Filter>GameFramework\MainGame\Forager\inGameMenu\construction</Filter>
    </ClCompile>
    <ClCompile Include="item_info.cpp">
      <Filter>GameFramework\MainGame\Forager\inGameMenu\inventory\item_info_render</Filter>
    </ClCompile>
    <ClCompile Include="quick_slot.cpp">
      <Filter>GameFramework\MainGame\Forager\inGameMenu\quick_slot</Filter>
    </ClCompile>
    <ClCompile Include="construction_tool_tip.cpp">
      <Filter>GameFramework\MainGame\Forager\inGameMenu\construction\construction_tool_tip</Filter>
    </ClCompile>
    <ClCompile Include="tile.cpp">
      <Filter>GameFramework\MainGame\Forager\Map</Filter>
    </ClCompile>
    <ClCompile Include="skull.cpp">
      <Filter>GameFramework\MainGame\Forager\Unit\enemy\skull</Filter>
    </ClCompile>
    <ClCompile Include="cow.cpp">
      <Filter>GameFramework\MainGame\Forager\Unit\enemy\cow</Filter>
    </ClCompile>
    <ClCompile Include="Astar.cpp">
      <Filter>GameFramework\MainGame\Forager\Unit\enemy</Filter>
    </ClCompile>
  </ItemGroup>
  <ItemGroup>
    <ClInclude Include="gameNode.h">
      <Filter>GameFramework\MainGame\GameNode</Filter>
    </ClInclude>
    <ClInclude Include="mainGame.h">
      <Filter>GameFramework\MainGame</Filter>
    </ClInclude>
    <ClInclude Include="stdafx.h">
      <Filter>GameFramework\MainGame</Filter>
    </ClInclude>
    <ClInclude Include="commonMacroFunction.h">
      <Filter>GameFramework\유틸</Filter>
    </ClInclude>
    <ClInclude Include="singletonBase.h">
      <Filter>GameFramework\매니져</Filter>
    </ClInclude>
    <ClInclude Include="input.h">
      <Filter>GameFramework\매니져</Filter>
    </ClInclude>
    <ClInclude Include="random.h">
      <Filter>GameFramework\유틸</Filter>
    </ClInclude>
    <ClInclude Include="image.h">
      <Filter>GameFramework\이미지</Filter>
    </ClInclude>
    <ClInclude Include="imageManager.h">
      <Filter>GameFramework\매니져</Filter>
    </ClInclude>
    <ClInclude Include="util.h">
      <Filter>GameFramework\유틸</Filter>
    </ClInclude>
    <ClInclude Include="progressBar.h">
      <Filter>GameFramework\체력바</Filter>
    </ClInclude>
    <ClInclude Include="sceneManager.h">
      <Filter>GameFramework\매니져</Filter>
    </ClInclude>
    <ClInclude Include="iniData.h">
      <Filter>GameFramework\매니져</Filter>
    </ClInclude>
    <ClInclude Include="iniTestScene.h">
      <Filter>GameFramework\INI테스트</Filter>
    </ClInclude>
    <ClInclude Include="soundManager.h">
      <Filter>GameFramework\매니져</Filter>
    </ClInclude>
    <ClInclude Include="soundTestScene.h">
      <Filter>GameFramework\사운드테스트</Filter>
    </ClInclude>
    <ClInclude Include="loading.h">
      <Filter>GameFramework\로딩</Filter>
    </ClInclude>
    <ClInclude Include="loadingScene.h">
      <Filter>GameFramework\로딩화면</Filter>
    </ClInclude>
    <ClInclude Include="EffectManager.h">
      <Filter>GameFramework\MainGame\Forager\Manager</Filter>
    </ClInclude>
    <ClInclude Include="targetingBox.h">
      <Filter>GameFramework\MainGame\Forager\Manager</Filter>
    </ClInclude>
    <ClInclude Include="reactImage.h">
      <Filter>GameFramework\MainGame\Forager\Manager</Filter>
    </ClInclude>
    <ClInclude Include="ForagerStatManager.h">
      <Filter>GameFramework\MainGame\Forager\Manager</Filter>
    </ClInclude>
    <ClInclude Include="TextManager.h">
      <Filter>GameFramework\MainGame\Forager\Manager</Filter>
    </ClInclude>
    <ClInclude Include="tile.h">
      <Filter>GameFramework\MainGame\Forager\Map</Filter>
    </ClInclude>
    <ClInclude Include="saveManager.h">
      <Filter>GameFramework\MainGame\Forager\Manager</Filter>
    </ClInclude>
    <ClInclude Include="cameraManager.h">
      <Filter>GameFramework\MainGame\Forager\Manager</Filter>
    </ClInclude>
    <ClInclude Include="timeManager.h">
      <Filter>GameFramework\매니져</Filter>
    </ClInclude>
    <ClInclude Include="unit.h">
      <Filter>GameFramework\MainGame\Forager\Unit</Filter>
    </ClInclude>
    <ClInclude Include="gameScene.h">
      <Filter>GameFramework\MainGame\Forager\Scenes</Filter>
    </ClInclude>
    <ClInclude Include="building.h">
      <Filter>GameFramework\MainGame\Forager\Unit\building</Filter>
    </ClInclude>
    <ClInclude Include="enemy.h">
      <Filter>GameFramework\MainGame\Forager\Unit\enemy</Filter>
    </ClInclude>
    <ClInclude Include="startScene.h">
      <Filter>GameFramework\MainGame\Forager\Scenes</Filter>
    </ClInclude>
    <ClInclude Include="inGameMenu.h">
      <Filter>GameFramework\MainGame\Forager\inGameMenu</Filter>
    </ClInclude>
    <ClInclude Include="earth.h">
      <Filter>GameFramework\MainGame\Forager\Map</Filter>
    </ClInclude>
    <ClInclude Include="ForagerPlayer.h">
      <Filter>GameFramework\MainGame\Forager\Unit\player</Filter>
    </ClInclude>
    <ClInclude Include="gameObject.h">
      <Filter>GameFramework\MainGame\Forager\Unit</Filter>
    </ClInclude>
    <ClInclude Include="resource.h">
      <Filter>GameFramework\MainGame\Forager\Unit\resource</Filter>
    </ClInclude>
    <ClInclude Include="cursor.h">
      <Filter>GameFramework\MainGame\Cursor</Filter>
    </ClInclude>
    <ClInclude Include="fieldItem.h">
      <Filter>GameFramework\MainGame\Forager\Unit\FieldItem</Filter>
    </ClInclude>
    <ClInclude Include="UnitManager.h">
      <Filter>GameFramework\MainGame\Forager\Manager</Filter>
    </ClInclude>
    <ClInclude Include="inventory.h">
      <Filter>GameFramework\MainGame\Forager\inGameMenu\inventory</Filter>
    </ClInclude>
    <ClInclude Include="construction.h">
      <Filter>GameFramework\MainGame\Forager\inGameMenu\construction</Filter>
    </ClInclude>
    <ClInclude Include="equipMent.h">
      <Filter>GameFramework\MainGame\Forager\inGameMenu\equip</Filter>
    </ClInclude>
    <ClInclude Include="gamesetting.h">
      <Filter>GameFramework\MainGame\Forager\inGameMenu\gamesetting</Filter>
    </ClInclude>
    <ClInclude Include="inventory_images.h">
      <Filter>GameFramework\MainGame\Forager\inGameMenu\inventory_images</Filter>
    </ClInclude>
    <ClInclude Include="purchase_land.h">
      <Filter>GameFramework\MainGame\Forager\inGameMenu\pruchase_land</Filter>
    </ClInclude>
    <ClInclude Include="inventory_slot.h">
      <Filter>GameFramework\MainGame\Forager\inGameMenu\inventory_slot</Filter>
    </ClInclude>
    <ClInclude Include="item_Manager.h">
      <Filter>GameFramework\MainGame\Forager\inGameMenu\inventory_Manager</Filter>
    </ClInclude>
    <ClInclude Include="industry.h">
      <Filter>GameFramework\MainGame\Forager\inGameMenu\construction</Filter>
    </ClInclude>
    <ClInclude Include="Agriculture.h">
      <Filter>GameFramework\MainGame\Forager\inGameMenu\construction</Filter>
    </ClInclude>
    <ClInclude Include="item_info.h">
      <Filter>GameFramework\MainGame\Forager\inGameMenu\inventory\item_info_render</Filter>
    </ClInclude>
    <ClInclude Include="quick_slot.h">
      <Filter>GameFramework\MainGame\Forager\inGameMenu\quick_slot</Filter>
    </ClInclude>
    <ClInclude Include="construction_tool_tip.h">
      <Filter>GameFramework\MainGame\Forager\inGameMenu\construction\construction_tool_tip</Filter>
    </ClInclude>
    <ClInclude Include="skull.h">
      <Filter>GameFramework\MainGame\Forager\Unit\enemy\skull</Filter>
    </ClInclude>
    <ClInclude Include="cow.h">
      <Filter>GameFramework\MainGame\Forager\Unit\enemy\cow</Filter>
    </ClInclude>
    <ClInclude Include="Astar.h">
      <Filter>GameFramework\MainGame\Forager\Unit\enemy</Filter>
    </ClInclude>
  </ItemGroup>
</Project>